
Microsoft Visual Studio Solution File, Format Version 12.00
# Visual Studio Version 17
VisualStudioVersion = 17.14.36623.8
MinimumVisualStudioVersion = 10.0.40219.1
Project("{9A19103F-16F7-4668-BE54-9A1E7A4F7556}") = "DBVM_API", "WebApi\DBVM_API.csproj", "{79AE2450-5D8D-441E-AF47-9BEB5ACB25FC}"
EndProject
Project("{9A19103F-16F7-4668-BE54-9A1E7A4F7556}") = "ConsoleApp_medPageCloud", "ConsoleApp_medPageCloud\ConsoleApp_medPageCloud.csproj", "{EA6C48C2-28A4-4310-9B03-BED9F6B4FBFC}"
EndProject
Project("{FAE04EC0-301F-11D3-BF4B-00C04F79EFBC}") = "ConsoleApp_OrderList", "ConsoleApp_OrderList\ConsoleApp_OrderList.csproj", "{DDD5FCE2-EDC7-4498-9B79-7FF81774AE7E}"
EndProject
Project("{FAE04EC0-301F-11D3-BF4B-00C04F79EFBC}") = "ConsoleApp_即時庫存更新", "ConsoleApp_即時庫存更新\ConsoleApp_即時庫存更新.csproj", "{7361115C-2432-4821-89A9-6940994F0EF7}"
EndProject
Global
	GlobalSection(SolutionConfigurationPlatforms) = preSolution
		Debug|Any CPU = Debug|Any CPU
		Release|Any CPU = Release|Any CPU
	EndGlobalSection
	GlobalSection(ProjectConfigurationPlatforms) = postSolution
		{79AE2450-5D8D-441E-AF47-9BEB5ACB25FC}.Debug|Any CPU.ActiveCfg = Debug|Any CPU
		{79AE2450-5D8D-441E-AF47-9BEB5ACB25FC}.Debug|Any CPU.Build.0 = Debug|Any CPU
		{79AE2450-5D8D-441E-AF47-9BEB5ACB25FC}.Release|Any CPU.ActiveCfg = Release|Any CPU
		{79AE2450-5D8D-441E-AF47-9BEB5ACB25FC}.Release|Any CPU.Build.0 = Release|Any CPU
		{EA6C48C2-28A4-4310-9B03-BED9F6B4FBFC}.Debug|Any CPU.ActiveCfg = Debug|Any CPU
		{EA6C48C2-28A4-4310-9B03-BED9F6B4FBFC}.Debug|Any CPU.Build.0 = Debug|Any CPU
		{EA6C48C2-28A4-4310-9B03-BED9F6B4FBFC}.Release|Any CPU.ActiveCfg = Release|Any CPU
		{EA6C48C2-28A4-4310-9B03-BED9F6B4FBFC}.Release|Any CPU.Build.0 = Release|Any CPU
		{DDD5FCE2-EDC7-4498-9B79-7FF81774AE7E}.Debug|Any CPU.ActiveCfg = Debug|Any CPU
		{DDD5FCE2-EDC7-4498-9B79-7FF81774AE7E}.Debug|Any CPU.Build.0 = Debug|Any CPU
		{DDD5FCE2-EDC7-4498-9B79-7FF81774AE7E}.Release|Any CPU.ActiveCfg = Release|Any CPU
		{DDD5FCE2-EDC7-4498-9B79-7FF81774AE7E}.Release|Any CPU.Build.0 = Release|Any CPU
		{7361115C-2432-4821-89A9-6940994F0EF7}.Debug|Any CPU.ActiveCfg = Debug|Any CPU
		{7361115C-2432-4821-89A9-6940994F0EF7}.Debug|Any CPU.Build.0 = Debug|Any CPU
		{7361115C-2432-4821-89A9-6940994F0EF7}.Release|Any CPU.ActiveCfg = Release|Any CPU
		{7361115C-2432-4821-89A9-6940994F0EF7}.Release|Any CPU.Build.0 = Release|Any CPU
	EndGlobalSection
	GlobalSection(SolutionProperties) = preSolution
		HideSolutionNode = FALSE
	EndGlobalSection
	GlobalSection(ExtensibilityGlobals) = postSolution
		SolutionGuid = {351CEE7A-09F7-4599-927A-6FF74D3A81A0}
	EndGlobalSection
EndGlobal
